
Microsoft Visual Studio Solution File, Format Version 12.00
# Visual Studio 15
VisualStudioVersion = 15.0.28010.2048
MinimumVisualStudioVersion = 10.0.40219.1
Project("{FAE04EC0-301F-11D3-BF4B-00C04F79EFBC}") = "lab4_MVP_NewsPaper", "lab4_MVP_NewsPaper\lab4_MVP_NewsPaper.csproj", "{761167F2-79F2-4DC1-AB29-A2D80E009D01}"
EndProject
Global
	GlobalSection(SolutionConfigurationPlatforms) = preSolution
		Debug|Any CPU = Debug|Any CPU
		Release|Any CPU = Release|Any CPU
	EndGlobalSection
	GlobalSection(ProjectConfigurationPlatforms) = postSolution
		{761167F2-79F2-4DC1-AB29-A2D80E009D01}.Debug|Any CPU.ActiveCfg = Debug|Any CPU
		{761167F2-79F2-4DC1-AB29-A2D80E009D01}.Debug|Any CPU.Build.0 = Debug|Any CPU
		{761167F2-79F2-4DC1-AB29-A2D80E009D01}.Release|Any CPU.ActiveCfg = Release|Any CPU
		{761167F2-79F2-4DC1-AB29-A2D80E009D01}.Release|Any CPU.Build.0 = Release|Any CPU
	EndGlobalSection
	GlobalSection(SolutionProperties) = preSolution
		HideSolutionNode = FALSE
	EndGlobalSection
	GlobalSection(ExtensibilityGlobals) = postSolution
		SolutionGuid = {5BBC015E-65FC-4232-AA21-AF571B10A202}
	EndGlobalSection
EndGlobal
