
Microsoft Visual Studio Solution File, Format Version 12.00
# Visual Studio 15
VisualStudioVersion = 15.0.28010.2041
MinimumVisualStudioVersion = 10.0.40219.1
Project("{FAE04EC0-301F-11D3-BF4B-00C04F79EFBC}") = "Main Project", "Main Project\Main Project.csproj", "{2F59F64D-C4A6-4D06-8D00-DCBA746B6B26}"
EndProject
Project("{FAE04EC0-301F-11D3-BF4B-00C04F79EFBC}") = "Tree_Class", "Tree_Class\Tree_Class.csproj", "{3B0A4C91-5193-48E6-ADC1-F2A53D967DB0}"
EndProject
Project("{FAE04EC0-301F-11D3-BF4B-00C04F79EFBC}") = "MainUnitTestProject", "MainUnitTestProject\MainUnitTestProject.csproj", "{00F26177-AEDD-4116-B408-97337A3508DC}"
EndProject
Global
	GlobalSection(SolutionConfigurationPlatforms) = preSolution
		Debug|Any CPU = Debug|Any CPU
		Release|Any CPU = Release|Any CPU
	EndGlobalSection
	GlobalSection(ProjectConfigurationPlatforms) = postSolution
		{2F59F64D-C4A6-4D06-8D00-DCBA746B6B26}.Debug|Any CPU.ActiveCfg = Debug|Any CPU
		{2F59F64D-C4A6-4D06-8D00-DCBA746B6B26}.Debug|Any CPU.Build.0 = Debug|Any CPU
		{2F59F64D-C4A6-4D06-8D00-DCBA746B6B26}.Release|Any CPU.ActiveCfg = Release|Any CPU
		{2F59F64D-C4A6-4D06-8D00-DCBA746B6B26}.Release|Any CPU.Build.0 = Release|Any CPU
		{3B0A4C91-5193-48E6-ADC1-F2A53D967DB0}.Debug|Any CPU.ActiveCfg = Debug|Any CPU
		{3B0A4C91-5193-48E6-ADC1-F2A53D967DB0}.Debug|Any CPU.Build.0 = Debug|Any CPU
		{3B0A4C91-5193-48E6-ADC1-F2A53D967DB0}.Release|Any CPU.ActiveCfg = Release|Any CPU
		{3B0A4C91-5193-48E6-ADC1-F2A53D967DB0}.Release|Any CPU.Build.0 = Release|Any CPU
		{00F26177-AEDD-4116-B408-97337A3508DC}.Debug|Any CPU.ActiveCfg = Debug|Any CPU
		{00F26177-AEDD-4116-B408-97337A3508DC}.Debug|Any CPU.Build.0 = Debug|Any CPU
		{00F26177-AEDD-4116-B408-97337A3508DC}.Release|Any CPU.ActiveCfg = Release|Any CPU
		{00F26177-AEDD-4116-B408-97337A3508DC}.Release|Any CPU.Build.0 = Release|Any CPU
	EndGlobalSection
	GlobalSection(SolutionProperties) = preSolution
		HideSolutionNode = FALSE
	EndGlobalSection
	GlobalSection(ExtensibilityGlobals) = postSolution
		SolutionGuid = {F95A5321-FEDC-47A1-B984-8BC7338D59B9}
	EndGlobalSection
EndGlobal
