
Microsoft Visual Studio Solution File, Format Version 12.00
# Visual Studio 15
VisualStudioVersion = 15.0.28010.2041
MinimumVisualStudioVersion = 10.0.40219.1
Project("{FAE04EC0-301F-11D3-BF4B-00C04F79EFBC}") = "Graphic", "Graphic\Graphic.csproj", "{271BE5AF-D3BB-4375-B56E-67BF7032A415}"
EndProject
Global
	GlobalSection(SolutionConfigurationPlatforms) = preSolution
		Debug|Any CPU = Debug|Any CPU
		Release|Any CPU = Release|Any CPU
	EndGlobalSection
	GlobalSection(ProjectConfigurationPlatforms) = postSolution
		{271BE5AF-D3BB-4375-B56E-67BF7032A415}.Debug|Any CPU.ActiveCfg = Debug|Any CPU
		{271BE5AF-D3BB-4375-B56E-67BF7032A415}.Debug|Any CPU.Build.0 = Debug|Any CPU
		{271BE5AF-D3BB-4375-B56E-67BF7032A415}.Release|Any CPU.ActiveCfg = Release|Any CPU
		{271BE5AF-D3BB-4375-B56E-67BF7032A415}.Release|Any CPU.Build.0 = Release|Any CPU
	EndGlobalSection
	GlobalSection(SolutionProperties) = preSolution
		HideSolutionNode = FALSE
	EndGlobalSection
	GlobalSection(ExtensibilityGlobals) = postSolution
		SolutionGuid = {3C627CE5-3D36-4354-ABD8-D1F4A03E2AE5}
	EndGlobalSection
EndGlobal
